// !$*UTF8*$!
{
	archiveVersion = 1;
	classes = {
	};
	objectVersion = 46;
	objects = {

/* Begin PBXBuildFile section */
		7FFEE2DA5EFFEC631EB4A727 /* Pods_ubcArExplore.framework in Frameworks */ = {isa = PBXBuildFile; fileRef = EC1A0F8A05610D84B62D66C4 /* Pods_ubcArExplore.framework */; };
		BE169E421F4CA703004CEF99 /* clc_back_in_5.png in Resources */ = {isa = PBXBuildFile; fileRef = BE169E3B1F4CA703004CEF99 /* clc_back_in_5.png */; };
		BE169E431F4CA703004CEF99 /* clc_cwsc.png in Resources */ = {isa = PBXBuildFile; fileRef = BE169E3C1F4CA703004CEF99 /* clc_cwsc.png */; };
		BE169E441F4CA703004CEF99 /* clc_desk_closed.png in Resources */ = {isa = PBXBuildFile; fileRef = BE169E3D1F4CA703004CEF99 /* clc_desk_closed.png */; };
		BE169E451F4CA703004CEF99 /* clc_entrance_hours.png in Resources */ = {isa = PBXBuildFile; fileRef = BE169E3E1F4CA703004CEF99 /* clc_entrance_hours.png */; };
		BE169E461F4CA703004CEF99 /* clc_equipment_loan_list.png in Resources */ = {isa = PBXBuildFile; fileRef = BE169E3F1F4CA703004CEF99 /* clc_equipment_loan_list.png */; };
		BE169E471F4CA703004CEF99 /* clc_help_info.png in Resources */ = {isa = PBXBuildFile; fileRef = BE169E401F4CA703004CEF99 /* clc_help_info.png */; };
		BE169E481F4CA703004CEF99 /* ubc_ar_app_explore.png in Resources */ = {isa = PBXBuildFile; fileRef = BE169E411F4CA703004CEF99 /* ubc_ar_app_explore.png */; };
		BE169E4F1F4CACF7004CEF99 /* clc_pay_for_print.jpg in Resources */ = {isa = PBXBuildFile; fileRef = BE169E4D1F4CACF7004CEF99 /* clc_pay_for_print.jpg */; };
		BE1801871F15F8EE00666D71 /* SplashViewController.swift in Sources */ = {isa = PBXBuildFile; fileRef = BE1801861F15F8EE00666D71 /* SplashViewController.swift */; };
		BE47D81F1F46023A004E872F /* watermark.png in Resources */ = {isa = PBXBuildFile; fileRef = BE47D81E1F46023A004E872F /* watermark.png */; };
		BE5652551F3E3F0B0083910D /* a_series_of_unfortunate_events.jpg in Resources */ = {isa = PBXBuildFile; fileRef = BE56523F1F3E3F0B0083910D /* a_series_of_unfortunate_events.jpg */; };
		BE5652561F3E3F0B0083910D /* bienvenue_a_la_monstrerie.jpg in Resources */ = {isa = PBXBuildFile; fileRef = BE5652401F3E3F0B0083910D /* bienvenue_a_la_monstrerie.jpg */; };
		BE5652571F3E3F0B0083910D /* ccbc.jpg in Resources */ = {isa = PBXBuildFile; fileRef = BE5652411F3E3F0B0083910D /* ccbc.jpg */; };
		BE5652581F3E3F0B0083910D /* ell_poster.jpg in Resources */ = {isa = PBXBuildFile; fileRef = BE5652421F3E3F0B0083910D /* ell_poster.jpg */; };
		BE5652591F3E3F0B0083910D /* fiction.jpg in Resources */ = {isa = PBXBuildFile; fileRef = BE5652431F3E3F0B0083910D /* fiction.jpg */; };
		BE56525A1F3E3F0B0083910D /* french_collection.jpg in Resources */ = {isa = PBXBuildFile; fileRef = BE5652441F3E3F0B0083910D /* french_collection.jpg */; };
		BE56525B1F3E3F0B0083910D /* goodnight_construction_site.jpg in Resources */ = {isa = PBXBuildFile; fileRef = BE5652451F3E3F0B0083910D /* goodnight_construction_site.jpg */; };
		BE56525C1F3E3F0B0083910D /* indigenous_bookmark.jpg in Resources */ = {isa = PBXBuildFile; fileRef = BE5652461F3E3F0B0083910D /* indigenous_bookmark.jpg */; };
		BE56525D1F3E3F0B0083910D /* indigenous_resources_pamphlet.jpg in Resources */ = {isa = PBXBuildFile; fileRef = BE5652471F3E3F0B0083910D /* indigenous_resources_pamphlet.jpg */; };
		BE56525F1F3E3F0B0083910D /* library_website.jpg in Resources */ = {isa = PBXBuildFile; fileRef = BE5652491F3E3F0B0083910D /* library_website.jpg */; };
		BE5652601F3E3F0B0083910D /* makerspace_poster.jpg in Resources */ = {isa = PBXBuildFile; fileRef = BE56524A1F3E3F0B0083910D /* makerspace_poster.jpg */; };
		BE5652611F3E3F0B0083910D /* making_content_comprehensible.jpg in Resources */ = {isa = PBXBuildFile; fileRef = BE56524B1F3E3F0B0083910D /* making_content_comprehensible.jpg */; };
		BE5652621F3E3F0B0083910D /* one_and_only_ivan.jpg in Resources */ = {isa = PBXBuildFile; fileRef = BE56524C1F3E3F0B0083910D /* one_and_only_ivan.jpg */; };
		BE5652631F3E3F0B0083910D /* picture_books.jpg in Resources */ = {isa = PBXBuildFile; fileRef = BE56524D1F3E3F0B0083910D /* picture_books.jpg */; };
		BE5652641F3E3F0B0083910D /* puppet.jpg in Resources */ = {isa = PBXBuildFile; fileRef = BE56524E1F3E3F0B0083910D /* puppet.jpg */; };
		BE5652651F3E3F0B0083910D /* seed_library.jpg in Resources */ = {isa = PBXBuildFile; fileRef = BE56524F1F3E3F0B0083910D /* seed_library.jpg */; };
		BE5652661F3E3F0B0083910D /* shi_shi_etko.jpg in Resources */ = {isa = PBXBuildFile; fileRef = BE5652501F3E3F0B0083910D /* shi_shi_etko.jpg */; };
		BE5652671F3E3F0B0083910D /* subject_area_bookmark.jpg in Resources */ = {isa = PBXBuildFile; fileRef = BE5652511F3E3F0B0083910D /* subject_area_bookmark.jpg */; };
		BE5652681F3E3F0B0083910D /* the_breadwinner.jpg in Resources */ = {isa = PBXBuildFile; fileRef = BE5652521F3E3F0B0083910D /* the_breadwinner.jpg */; };
		BE5652691F3E3F0B0083910D /* whats_your_wonder_question_mark.jpg in Resources */ = {isa = PBXBuildFile; fileRef = BE5652531F3E3F0B0083910D /* whats_your_wonder_question_mark.jpg */; };
		BE56526A1F3E3F0B0083910D /* wonder_book.jpg in Resources */ = {isa = PBXBuildFile; fileRef = BE5652541F3E3F0B0083910D /* wonder_book.jpg */; };
		BE5D724B1F1B25330039DF77 /* ResourceViewController.swift in Sources */ = {isa = PBXBuildFile; fileRef = BE5D724A1F1B25330039DF77 /* ResourceViewController.swift */; };
		BE5D724D1F2009E10039DF77 /* principles_of_learning.jpg in Resources */ = {isa = PBXBuildFile; fileRef = BE5D724C1F2009E10039DF77 /* principles_of_learning.jpg */; };
		BE88E70C1F3CCFD000E44BC2 /* book_with_no_pictures.jpg in Resources */ = {isa = PBXBuildFile; fileRef = BE88E70B1F3CCFD000E44BC2 /* book_with_no_pictures.jpg */; };
		BE88E70E1F3CDFAA00E44BC2 /* i_want_my_hat_back.jpg in Resources */ = {isa = PBXBuildFile; fileRef = BE88E70D1F3CDFAA00E44BC2 /* i_want_my_hat_back.jpg */; };
		BEE363091F564DFB00BBD3B1 /* MySafariViewController.swift in Sources */ = {isa = PBXBuildFile; fileRef = BEE363081F564DFB00BBD3B1 /* MySafariViewController.swift */; };
		BEFB38401F4E06F900EC32CE /* HowToUseViewController.swift in Sources */ = {isa = PBXBuildFile; fileRef = BEFB383F1F4E06F800EC32CE /* HowToUseViewController.swift */; };
		BEFB38461F53B64F00EC32CE /* library_literacy_concept_map.jpg in Resources */ = {isa = PBXBuildFile; fileRef = BEFB38451F53B64F00EC32CE /* library_literacy_concept_map.jpg */; };
		CD36EB621E0AA53E00407D1F /* BoxRenderer.m in Sources */ = {isa = PBXBuildFile; fileRef = CD36EB611E0AA53E00407D1F /* BoxRenderer.m */; };
		CD4250E01E8A4FEC000FE2EE /* targets.json in Resources */ = {isa = PBXBuildFile; fileRef = CD4250D81E8A4FEC000FE2EE /* targets.json */; };
		CDDEBE711E0BE1910041BE68 /* helloar.m in Sources */ = {isa = PBXBuildFile; fileRef = CDDEBE701E0BE1910041BE68 /* helloar.m */; };
		F1210DAB1E6E9A9500C97CCA /* easyar.framework in Frameworks */ = {isa = PBXBuildFile; fileRef = F1210DAA1E6E9A9500C97CCA /* easyar.framework */; };
		F1210DAD1E6EBFB600C97CCA /* CoreMotion.framework in Frameworks */ = {isa = PBXBuildFile; fileRef = F1210DAC1E6EBFB600C97CCA /* CoreMotion.framework */; };
		F1210DB51E6EC4D100C97CCA /* GLKit.framework in Frameworks */ = {isa = PBXBuildFile; fileRef = F1210DB41E6EC4D100C97CCA /* GLKit.framework */; };
		F1210DB71E6EC66C00C97CCA /* libc++.tbd in Frameworks */ = {isa = PBXBuildFile; fileRef = F1210DB61E6EC66C00C97CCA /* libc++.tbd */; };
		F15BDCD41C03FEE200666121 /* main.m in Sources */ = {isa = PBXBuildFile; fileRef = F15BDCD31C03FEE200666121 /* main.m */; };
		F15BDCDF1C03FEE200666121 /* Assets.xcassets in Resources */ = {isa = PBXBuildFile; fileRef = F15BDCDE1C03FEE200666121 /* Assets.xcassets */; };
		F1A7AA2C1C06CA330060ADF6 /* LaunchScreen.xib in Resources */ = {isa = PBXBuildFile; fileRef = F1A7AA2A1C06CA330060ADF6 /* LaunchScreen.xib */; };
		F1D13BCC1C0405F5008F72E2 /* AppDelegate.m in Sources */ = {isa = PBXBuildFile; fileRef = F1D13BC21C0405F5008F72E2 /* AppDelegate.m */; };
		F1D13BCF1C0405F5008F72E2 /* OpenGLView.m in Sources */ = {isa = PBXBuildFile; fileRef = F1D13BC71C0405F5008F72E2 /* OpenGLView.m */; };
		F1D13BD11C0405F5008F72E2 /* ViewController.m in Sources */ = {isa = PBXBuildFile; fileRef = F1D13BCB1C0405F5008F72E2 /* ViewController.m */; };
		F1D13BFB1C041E38008F72E2 /* UIKit.framework in Frameworks */ = {isa = PBXBuildFile; fileRef = F1D13BFA1C041E38008F72E2 /* UIKit.framework */; };
		F1D13BFD1C041E4D008F72E2 /* QuartzCore.framework in Frameworks */ = {isa = PBXBuildFile; fileRef = F1D13BFC1C041E4D008F72E2 /* QuartzCore.framework */; };
		F1D13BFF1C041E55008F72E2 /* OpenGLES.framework in Frameworks */ = {isa = PBXBuildFile; fileRef = F1D13BFE1C041E55008F72E2 /* OpenGLES.framework */; };
		F1D13C011C041E63008F72E2 /* CoreVideo.framework in Frameworks */ = {isa = PBXBuildFile; fileRef = F1D13C001C041E63008F72E2 /* CoreVideo.framework */; };
		F1D13C031C041E71008F72E2 /* CoreMedia.framework in Frameworks */ = {isa = PBXBuildFile; fileRef = F1D13C021C041E71008F72E2 /* CoreMedia.framework */; };
		F1D13C051C041E7C008F72E2 /* CoreImage.framework in Frameworks */ = {isa = PBXBuildFile; fileRef = F1D13C041C041E7C008F72E2 /* CoreImage.framework */; };
		F1D13C071C041E85008F72E2 /* CoreGraphics.framework in Frameworks */ = {isa = PBXBuildFile; fileRef = F1D13C061C041E85008F72E2 /* CoreGraphics.framework */; };
		F1D13C091C041E8D008F72E2 /* AVFoundation.framework in Frameworks */ = {isa = PBXBuildFile; fileRef = F1D13C081C041E8D008F72E2 /* AVFoundation.framework */; };
/* End PBXBuildFile section */

/* Begin PBXFileReference section */
		4AD370517BA8F6277F3EA0ED /* Pods-ubcArExplore.release.xcconfig */ = {isa = PBXFileReference; includeInIndex = 1; lastKnownFileType = text.xcconfig; name = "Pods-ubcArExplore.release.xcconfig"; path = "Pods/Target Support Files/Pods-ubcArExplore/Pods-ubcArExplore.release.xcconfig"; sourceTree = "<group>"; };
		B361C118AC11FF1187C85680 /* Pods-ubcArExplore.debug.xcconfig */ = {isa = PBXFileReference; includeInIndex = 1; lastKnownFileType = text.xcconfig; name = "Pods-ubcArExplore.debug.xcconfig"; path = "Pods/Target Support Files/Pods-ubcArExplore/Pods-ubcArExplore.debug.xcconfig"; sourceTree = "<group>"; };
		BE169E3B1F4CA703004CEF99 /* clc_back_in_5.png */ = {isa = PBXFileReference; lastKnownFileType = image.png; path = clc_back_in_5.png; sourceTree = "<group>"; };
		BE169E3C1F4CA703004CEF99 /* clc_cwsc.png */ = {isa = PBXFileReference; lastKnownFileType = image.png; path = clc_cwsc.png; sourceTree = "<group>"; };
		BE169E3D1F4CA703004CEF99 /* clc_desk_closed.png */ = {isa = PBXFileReference; lastKnownFileType = image.png; path = clc_desk_closed.png; sourceTree = "<group>"; };
		BE169E3E1F4CA703004CEF99 /* clc_entrance_hours.png */ = {isa = PBXFileReference; lastKnownFileType = image.png; path = clc_entrance_hours.png; sourceTree = "<group>"; };
		BE169E3F1F4CA703004CEF99 /* clc_equipment_loan_list.png */ = {isa = PBXFileReference; lastKnownFileType = image.png; path = clc_equipment_loan_list.png; sourceTree = "<group>"; };
		BE169E401F4CA703004CEF99 /* clc_help_info.png */ = {isa = PBXFileReference; lastKnownFileType = image.png; path = clc_help_info.png; sourceTree = "<group>"; };
		BE169E411F4CA703004CEF99 /* ubc_ar_app_explore.png */ = {isa = PBXFileReference; lastKnownFileType = image.png; path = ubc_ar_app_explore.png; sourceTree = "<group>"; };
		BE169E4D1F4CACF7004CEF99 /* clc_pay_for_print.jpg */ = {isa = PBXFileReference; lastKnownFileType = image.jpeg; path = clc_pay_for_print.jpg; sourceTree = "<group>"; };
		BE1801851F15F8ED00666D71 /* ubcArExplore-Bridging-Header.h */ = {isa = PBXFileReference; lastKnownFileType = sourcecode.c.h; path = "ubcArExplore-Bridging-Header.h"; sourceTree = "<group>"; };
		BE1801861F15F8EE00666D71 /* SplashViewController.swift */ = {isa = PBXFileReference; fileEncoding = 4; lastKnownFileType = sourcecode.swift; path = SplashViewController.swift; sourceTree = "<group>"; };
		BE47D81E1F46023A004E872F /* watermark.png */ = {isa = PBXFileReference; lastKnownFileType = image.png; name = watermark.png; path = "watermark logo/watermark.png"; sourceTree = "<group>"; };
		BE56523F1F3E3F0B0083910D /* a_series_of_unfortunate_events.jpg */ = {isa = PBXFileReference; lastKnownFileType = image.jpeg; path = a_series_of_unfortunate_events.jpg; sourceTree = "<group>"; };
		BE5652401F3E3F0B0083910D /* bienvenue_a_la_monstrerie.jpg */ = {isa = PBXFileReference; lastKnownFileType = image.jpeg; path = bienvenue_a_la_monstrerie.jpg; sourceTree = "<group>"; };
		BE5652411F3E3F0B0083910D /* ccbc.jpg */ = {isa = PBXFileReference; lastKnownFileType = image.jpeg; path = ccbc.jpg; sourceTree = "<group>"; };
		BE5652421F3E3F0B0083910D /* ell_poster.jpg */ = {isa = PBXFileReference; lastKnownFileType = image.jpeg; path = ell_poster.jpg; sourceTree = "<group>"; };
		BE5652431F3E3F0B0083910D /* fiction.jpg */ = {isa = PBXFileReference; lastKnownFileType = image.jpeg; path = fiction.jpg; sourceTree = "<group>"; };
		BE5652441F3E3F0B0083910D /* french_collection.jpg */ = {isa = PBXFileReference; lastKnownFileType = image.jpeg; path = french_collection.jpg; sourceTree = "<group>"; };
		BE5652451F3E3F0B0083910D /* goodnight_construction_site.jpg */ = {isa = PBXFileReference; lastKnownFileType = image.jpeg; path = goodnight_construction_site.jpg; sourceTree = "<group>"; };
		BE5652461F3E3F0B0083910D /* indigenous_bookmark.jpg */ = {isa = PBXFileReference; lastKnownFileType = image.jpeg; path = indigenous_bookmark.jpg; sourceTree = "<group>"; };
		BE5652471F3E3F0B0083910D /* indigenous_resources_pamphlet.jpg */ = {isa = PBXFileReference; lastKnownFileType = image.jpeg; path = indigenous_resources_pamphlet.jpg; sourceTree = "<group>"; };
		BE5652491F3E3F0B0083910D /* library_website.jpg */ = {isa = PBXFileReference; lastKnownFileType = image.jpeg; path = library_website.jpg; sourceTree = "<group>"; };
		BE56524A1F3E3F0B0083910D /* makerspace_poster.jpg */ = {isa = PBXFileReference; lastKnownFileType = image.jpeg; path = makerspace_poster.jpg; sourceTree = "<group>"; };
		BE56524B1F3E3F0B0083910D /* making_content_comprehensible.jpg */ = {isa = PBXFileReference; lastKnownFileType = image.jpeg; path = making_content_comprehensible.jpg; sourceTree = "<group>"; };
		BE56524C1F3E3F0B0083910D /* one_and_only_ivan.jpg */ = {isa = PBXFileReference; lastKnownFileType = image.jpeg; path = one_and_only_ivan.jpg; sourceTree = "<group>"; };
		BE56524D1F3E3F0B0083910D /* picture_books.jpg */ = {isa = PBXFileReference; lastKnownFileType = image.jpeg; path = picture_books.jpg; sourceTree = "<group>"; };
		BE56524E1F3E3F0B0083910D /* puppet.jpg */ = {isa = PBXFileReference; lastKnownFileType = image.jpeg; path = puppet.jpg; sourceTree = "<group>"; };
		BE56524F1F3E3F0B0083910D /* seed_library.jpg */ = {isa = PBXFileReference; lastKnownFileType = image.jpeg; path = seed_library.jpg; sourceTree = "<group>"; };
		BE5652501F3E3F0B0083910D /* shi_shi_etko.jpg */ = {isa = PBXFileReference; lastKnownFileType = image.jpeg; path = shi_shi_etko.jpg; sourceTree = "<group>"; };
		BE5652511F3E3F0B0083910D /* subject_area_bookmark.jpg */ = {isa = PBXFileReference; lastKnownFileType = image.jpeg; path = subject_area_bookmark.jpg; sourceTree = "<group>"; };
		BE5652521F3E3F0B0083910D /* the_breadwinner.jpg */ = {isa = PBXFileReference; lastKnownFileType = image.jpeg; path = the_breadwinner.jpg; sourceTree = "<group>"; };
		BE5652531F3E3F0B0083910D /* whats_your_wonder_question_mark.jpg */ = {isa = PBXFileReference; lastKnownFileType = image.jpeg; path = whats_your_wonder_question_mark.jpg; sourceTree = "<group>"; };
		BE5652541F3E3F0B0083910D /* wonder_book.jpg */ = {isa = PBXFileReference; lastKnownFileType = image.jpeg; path = wonder_book.jpg; sourceTree = "<group>"; };
		BE5D724A1F1B25330039DF77 /* ResourceViewController.swift */ = {isa = PBXFileReference; fileEncoding = 4; lastKnownFileType = sourcecode.swift; path = ResourceViewController.swift; sourceTree = "<group>"; };
		BE5D724C1F2009E10039DF77 /* principles_of_learning.jpg */ = {isa = PBXFileReference; lastKnownFileType = image.jpeg; path = principles_of_learning.jpg; sourceTree = "<group>"; };
		BE88E70B1F3CCFD000E44BC2 /* book_with_no_pictures.jpg */ = {isa = PBXFileReference; lastKnownFileType = image.jpeg; path = book_with_no_pictures.jpg; sourceTree = "<group>"; };
		BE88E70D1F3CDFAA00E44BC2 /* i_want_my_hat_back.jpg */ = {isa = PBXFileReference; lastKnownFileType = image.jpeg; path = i_want_my_hat_back.jpg; sourceTree = "<group>"; };
		BEE363081F564DFB00BBD3B1 /* MySafariViewController.swift */ = {isa = PBXFileReference; fileEncoding = 4; lastKnownFileType = sourcecode.swift; path = MySafariViewController.swift; sourceTree = "<group>"; };
		BEFB383F1F4E06F800EC32CE /* HowToUseViewController.swift */ = {isa = PBXFileReference; fileEncoding = 4; lastKnownFileType = sourcecode.swift; path = HowToUseViewController.swift; sourceTree = "<group>"; };
		BEFB38451F53B64F00EC32CE /* library_literacy_concept_map.jpg */ = {isa = PBXFileReference; lastKnownFileType = image.jpeg; name = library_literacy_concept_map.jpg; path = ../../../../new_ar_targets/library_literacy_concept_map.jpg; sourceTree = "<group>"; };
		CD36EB611E0AA53E00407D1F /* BoxRenderer.m */ = {isa = PBXFileReference; fileEncoding = 4; lastKnownFileType = sourcecode.c.objc; path = BoxRenderer.m; sourceTree = "<group>"; };
		CD36EB631E0AA55300407D1F /* BoxRenderer.h */ = {isa = PBXFileReference; fileEncoding = 4; lastKnownFileType = sourcecode.c.h; path = BoxRenderer.h; sourceTree = "<group>"; };
		CD36EB651E0AA55300407D1F /* helloar.h */ = {isa = PBXFileReference; fileEncoding = 4; lastKnownFileType = sourcecode.c.h; path = helloar.h; sourceTree = "<group>"; };
		CD4250D81E8A4FEC000FE2EE /* targets.json */ = {isa = PBXFileReference; fileEncoding = 4; lastKnownFileType = text.json; path = targets.json; sourceTree = "<group>"; };
		CDDEBE701E0BE1910041BE68 /* helloar.m */ = {isa = PBXFileReference; fileEncoding = 4; lastKnownFileType = sourcecode.c.objc; path = helloar.m; sourceTree = "<group>"; };
		DFCBB5D9D1C1D7828DE20927 /* Pods_helloar.framework */ = {isa = PBXFileReference; explicitFileType = wrapper.framework; includeInIndex = 0; path = Pods_helloar.framework; sourceTree = BUILT_PRODUCTS_DIR; };
		EC1A0F8A05610D84B62D66C4 /* Pods_ubcArExplore.framework */ = {isa = PBXFileReference; explicitFileType = wrapper.framework; includeInIndex = 0; path = Pods_ubcArExplore.framework; sourceTree = BUILT_PRODUCTS_DIR; };
		F1210DAA1E6E9A9500C97CCA /* easyar.framework */ = {isa = PBXFileReference; lastKnownFileType = wrapper.framework; path = easyar.framework; sourceTree = "<group>"; };
		F1210DAC1E6EBFB600C97CCA /* CoreMotion.framework */ = {isa = PBXFileReference; lastKnownFileType = wrapper.framework; name = CoreMotion.framework; path = System/Library/Frameworks/CoreMotion.framework; sourceTree = SDKROOT; };
		F1210DB41E6EC4D100C97CCA /* GLKit.framework */ = {isa = PBXFileReference; lastKnownFileType = wrapper.framework; name = GLKit.framework; path = System/Library/Frameworks/GLKit.framework; sourceTree = SDKROOT; };
		F1210DB61E6EC66C00C97CCA /* libc++.tbd */ = {isa = PBXFileReference; lastKnownFileType = "sourcecode.text-based-dylib-definition"; name = "libc++.tbd"; path = "usr/lib/libc++.tbd"; sourceTree = SDKROOT; };
		F15BDCCF1C03FEE200666121 /* ubcArExplore.app */ = {isa = PBXFileReference; explicitFileType = wrapper.application; includeInIndex = 0; path = ubcArExplore.app; sourceTree = BUILT_PRODUCTS_DIR; };
		F15BDCD31C03FEE200666121 /* main.m */ = {isa = PBXFileReference; lastKnownFileType = sourcecode.c.objc; path = main.m; sourceTree = "<group>"; };
		F15BDCDE1C03FEE200666121 /* Assets.xcassets */ = {isa = PBXFileReference; lastKnownFileType = folder.assetcatalog; path = Assets.xcassets; sourceTree = "<group>"; };
		F15BDCE31C03FEE200666121 /* Info.plist */ = {isa = PBXFileReference; lastKnownFileType = text.plist.xml; path = Info.plist; sourceTree = "<group>"; };
		F1A7AA2B1C06CA330060ADF6 /* Base */ = {isa = PBXFileReference; lastKnownFileType = file.xib; name = Base; path = Base.lproj/LaunchScreen.xib; sourceTree = "<group>"; };
		F1D13BC11C0405F5008F72E2 /* AppDelegate.h */ = {isa = PBXFileReference; fileEncoding = 4; lastKnownFileType = sourcecode.c.h; path = AppDelegate.h; sourceTree = "<group>"; };
		F1D13BC21C0405F5008F72E2 /* AppDelegate.m */ = {isa = PBXFileReference; fileEncoding = 4; lastKnownFileType = sourcecode.c.objc; path = AppDelegate.m; sourceTree = "<group>"; };
		F1D13BC61C0405F5008F72E2 /* OpenGLView.h */ = {isa = PBXFileReference; fileEncoding = 4; lastKnownFileType = sourcecode.c.h; path = OpenGLView.h; sourceTree = "<group>"; };
		F1D13BC71C0405F5008F72E2 /* OpenGLView.m */ = {isa = PBXFileReference; fileEncoding = 4; lastKnownFileType = sourcecode.c.objc; path = OpenGLView.m; sourceTree = "<group>"; };
		F1D13BCA1C0405F5008F72E2 /* ViewController.h */ = {isa = PBXFileReference; fileEncoding = 4; lastKnownFileType = sourcecode.c.h; path = ViewController.h; sourceTree = "<group>"; };
		F1D13BCB1C0405F5008F72E2 /* ViewController.m */ = {isa = PBXFileReference; fileEncoding = 4; lastKnownFileType = sourcecode.c.objc; path = ViewController.m; sourceTree = "<group>"; };
		F1D13BFA1C041E38008F72E2 /* UIKit.framework */ = {isa = PBXFileReference; lastKnownFileType = wrapper.framework; name = UIKit.framework; path = System/Library/Frameworks/UIKit.framework; sourceTree = SDKROOT; };
		F1D13BFC1C041E4D008F72E2 /* QuartzCore.framework */ = {isa = PBXFileReference; lastKnownFileType = wrapper.framework; name = QuartzCore.framework; path = System/Library/Frameworks/QuartzCore.framework; sourceTree = SDKROOT; };
		F1D13BFE1C041E55008F72E2 /* OpenGLES.framework */ = {isa = PBXFileReference; lastKnownFileType = wrapper.framework; name = OpenGLES.framework; path = System/Library/Frameworks/OpenGLES.framework; sourceTree = SDKROOT; };
		F1D13C001C041E63008F72E2 /* CoreVideo.framework */ = {isa = PBXFileReference; lastKnownFileType = wrapper.framework; name = CoreVideo.framework; path = System/Library/Frameworks/CoreVideo.framework; sourceTree = SDKROOT; };
		F1D13C021C041E71008F72E2 /* CoreMedia.framework */ = {isa = PBXFileReference; lastKnownFileType = wrapper.framework; name = CoreMedia.framework; path = System/Library/Frameworks/CoreMedia.framework; sourceTree = SDKROOT; };
		F1D13C041C041E7C008F72E2 /* CoreImage.framework */ = {isa = PBXFileReference; lastKnownFileType = wrapper.framework; name = CoreImage.framework; path = System/Library/Frameworks/CoreImage.framework; sourceTree = SDKROOT; };
		F1D13C061C041E85008F72E2 /* CoreGraphics.framework */ = {isa = PBXFileReference; lastKnownFileType = wrapper.framework; name = CoreGraphics.framework; path = System/Library/Frameworks/CoreGraphics.framework; sourceTree = SDKROOT; };
		F1D13C081C041E8D008F72E2 /* AVFoundation.framework */ = {isa = PBXFileReference; lastKnownFileType = wrapper.framework; name = AVFoundation.framework; path = System/Library/Frameworks/AVFoundation.framework; sourceTree = SDKROOT; };
/* End PBXFileReference section */

/* Begin PBXFrameworksBuildPhase section */
		F15BDCCC1C03FEE200666121 /* Frameworks */ = {
			isa = PBXFrameworksBuildPhase;
			buildActionMask = 2147483647;
			files = (
				F1210DB71E6EC66C00C97CCA /* libc++.tbd in Frameworks */,
				F1210DB51E6EC4D100C97CCA /* GLKit.framework in Frameworks */,
				F1210DAB1E6E9A9500C97CCA /* easyar.framework in Frameworks */,
				F1D13C091C041E8D008F72E2 /* AVFoundation.framework in Frameworks */,
				F1D13C071C041E85008F72E2 /* CoreGraphics.framework in Frameworks */,
				F1D13C051C041E7C008F72E2 /* CoreImage.framework in Frameworks */,
				F1D13C031C041E71008F72E2 /* CoreMedia.framework in Frameworks */,
				F1D13C011C041E63008F72E2 /* CoreVideo.framework in Frameworks */,
				F1D13BFF1C041E55008F72E2 /* OpenGLES.framework in Frameworks */,
				F1D13BFD1C041E4D008F72E2 /* QuartzCore.framework in Frameworks */,
				F1D13BFB1C041E38008F72E2 /* UIKit.framework in Frameworks */,
				F1210DAD1E6EBFB600C97CCA /* CoreMotion.framework in Frameworks */,
				7FFEE2DA5EFFEC631EB4A727 /* Pods_ubcArExplore.framework in Frameworks */,
			);
			runOnlyForDeploymentPostprocessing = 0;
		};
/* End PBXFrameworksBuildPhase section */

/* Begin PBXGroup section */
		52E03B229EB92E2A54914C05 /* Pods */ = {
			isa = PBXGroup;
			children = (
				B361C118AC11FF1187C85680 /* Pods-ubcArExplore.debug.xcconfig */,
				4AD370517BA8F6277F3EA0ED /* Pods-ubcArExplore.release.xcconfig */,
			);
			name = Pods;
			sourceTree = "<group>";
		};
		CD4250D01E8A4FEC000FE2EE /* assets */ = {
			isa = PBXGroup;
			children = (
				BEFB38451F53B64F00EC32CE /* library_literacy_concept_map.jpg */,
				BE169E4D1F4CACF7004CEF99 /* clc_pay_for_print.jpg */,
				BE169E3B1F4CA703004CEF99 /* clc_back_in_5.png */,
				BE169E3C1F4CA703004CEF99 /* clc_cwsc.png */,
				BE169E3D1F4CA703004CEF99 /* clc_desk_closed.png */,
				BE169E3E1F4CA703004CEF99 /* clc_entrance_hours.png */,
				BE169E3F1F4CA703004CEF99 /* clc_equipment_loan_list.png */,
				BE169E401F4CA703004CEF99 /* clc_help_info.png */,
				BE169E411F4CA703004CEF99 /* ubc_ar_app_explore.png */,
				BE47D81E1F46023A004E872F /* watermark.png */,
				BE56523F1F3E3F0B0083910D /* a_series_of_unfortunate_events.jpg */,
				BE5652401F3E3F0B0083910D /* bienvenue_a_la_monstrerie.jpg */,
				BE5652411F3E3F0B0083910D /* ccbc.jpg */,
				BE5652421F3E3F0B0083910D /* ell_poster.jpg */,
				BE5652431F3E3F0B0083910D /* fiction.jpg */,
				BE5652441F3E3F0B0083910D /* french_collection.jpg */,
				BE5652451F3E3F0B0083910D /* goodnight_construction_site.jpg */,
				BE5652461F3E3F0B0083910D /* indigenous_bookmark.jpg */,
				BE5652471F3E3F0B0083910D /* indigenous_resources_pamphlet.jpg */,
				BE5652491F3E3F0B0083910D /* library_website.jpg */,
				BE56524A1F3E3F0B0083910D /* makerspace_poster.jpg */,
				BE56524B1F3E3F0B0083910D /* making_content_comprehensible.jpg */,
				BE56524C1F3E3F0B0083910D /* one_and_only_ivan.jpg */,
				BE56524D1F3E3F0B0083910D /* picture_books.jpg */,
				BE56524E1F3E3F0B0083910D /* puppet.jpg */,
				BE56524F1F3E3F0B0083910D /* seed_library.jpg */,
				BE5652501F3E3F0B0083910D /* shi_shi_etko.jpg */,
				BE5652511F3E3F0B0083910D /* subject_area_bookmark.jpg */,
				BE5652521F3E3F0B0083910D /* the_breadwinner.jpg */,
				BE5652531F3E3F0B0083910D /* whats_your_wonder_question_mark.jpg */,
				BE5652541F3E3F0B0083910D /* wonder_book.jpg */,
				BE5D724C1F2009E10039DF77 /* principles_of_learning.jpg */,
				BE88E70B1F3CCFD000E44BC2 /* book_with_no_pictures.jpg */,
				BE88E70D1F3CDFAA00E44BC2 /* i_want_my_hat_back.jpg */,
				CD4250D81E8A4FEC000FE2EE /* targets.json */,
			);
			path = assets;
			sourceTree = "<group>";
		};
		CDDEBE721E0BF0A20041BE68 /* Frameworks */ = {
			isa = PBXGroup;
			children = (
				F1210DB61E6EC66C00C97CCA /* libc++.tbd */,
				F1210DB41E6EC4D100C97CCA /* GLKit.framework */,
				F1D13C081C041E8D008F72E2 /* AVFoundation.framework */,
				F1D13C061C041E85008F72E2 /* CoreGraphics.framework */,
				F1D13C041C041E7C008F72E2 /* CoreImage.framework */,
				F1D13C021C041E71008F72E2 /* CoreMedia.framework */,
				F1D13C001C041E63008F72E2 /* CoreVideo.framework */,
				F1D13BFE1C041E55008F72E2 /* OpenGLES.framework */,
				F1D13BFC1C041E4D008F72E2 /* QuartzCore.framework */,
				F1D13BFA1C041E38008F72E2 /* UIKit.framework */,
				F1210DAC1E6EBFB600C97CCA /* CoreMotion.framework */,
				F1210DAA1E6E9A9500C97CCA /* easyar.framework */,
				DFCBB5D9D1C1D7828DE20927 /* Pods_helloar.framework */,
				EC1A0F8A05610D84B62D66C4 /* Pods_ubcArExplore.framework */,
			);
			name = Frameworks;
			sourceTree = "<group>";
		};
		F15BDCC61C03FEE200666121 = {
			isa = PBXGroup;
			children = (
				F15BDCD11C03FEE200666121 /* ubcArExplore */,
				F15BDCD01C03FEE200666121 /* Products */,
				CDDEBE721E0BF0A20041BE68 /* Frameworks */,
				52E03B229EB92E2A54914C05 /* Pods */,
			);
			sourceTree = "<group>";
		};
		F15BDCD01C03FEE200666121 /* Products */ = {
			isa = PBXGroup;
			children = (
				F15BDCCF1C03FEE200666121 /* ubcArExplore.app */,
			);
			name = Products;
			sourceTree = "<group>";
		};
		F15BDCD11C03FEE200666121 /* ubcArExplore */ = {
			isa = PBXGroup;
			children = (
				CD4250D01E8A4FEC000FE2EE /* assets */,
				CD36EB611E0AA53E00407D1F /* BoxRenderer.m */,
				CD36EB631E0AA55300407D1F /* BoxRenderer.h */,
				BE1801861F15F8EE00666D71 /* SplashViewController.swift */,
				BEFB383F1F4E06F800EC32CE /* HowToUseViewController.swift */,
				BE5D724A1F1B25330039DF77 /* ResourceViewController.swift */,
				BEE363081F564DFB00BBD3B1 /* MySafariViewController.swift */,
				CDDEBE701E0BE1910041BE68 /* helloar.m */,
				CD36EB651E0AA55300407D1F /* helloar.h */,
				F1D13BC11C0405F5008F72E2 /* AppDelegate.h */,
				F1D13BC21C0405F5008F72E2 /* AppDelegate.m */,
				F1D13BC61C0405F5008F72E2 /* OpenGLView.h */,
				F1D13BC71C0405F5008F72E2 /* OpenGLView.m */,
				F1D13BCA1C0405F5008F72E2 /* ViewController.h */,
				F1D13BCB1C0405F5008F72E2 /* ViewController.m */,
				F1A7AA2A1C06CA330060ADF6 /* LaunchScreen.xib */,
				F15BDCDE1C03FEE200666121 /* Assets.xcassets */,
				F15BDCE31C03FEE200666121 /* Info.plist */,
				F15BDCD21C03FEE200666121 /* Supporting Files */,
				BE1801851F15F8ED00666D71 /* ubcArExplore-Bridging-Header.h */,
			);
			path = ubcArExplore;
			sourceTree = "<group>";
		};
		F15BDCD21C03FEE200666121 /* Supporting Files */ = {
			isa = PBXGroup;
			children = (
				F15BDCD31C03FEE200666121 /* main.m */,
			);
			name = "Supporting Files";
			sourceTree = "<group>";
		};
/* End PBXGroup section */

/* Begin PBXNativeTarget section */
		F15BDCCE1C03FEE200666121 /* ubcArExplore */ = {
			isa = PBXNativeTarget;
			buildConfigurationList = F15BDCE61C03FEE200666121 /* Build configuration list for PBXNativeTarget "ubcArExplore" */;
			buildPhases = (
				B21CD9441509B3DC56A207F5 /* [CP] Check Pods Manifest.lock */,
				F15BDCCB1C03FEE200666121 /* Sources */,
				F15BDCCC1C03FEE200666121 /* Frameworks */,
				F15BDCCD1C03FEE200666121 /* Resources */,
				5EE83FFE60809DD3A276DD93 /* [CP] Embed Pods Frameworks */,
				698C4F8789C216CB521B8689 /* [CP] Copy Pods Resources */,
			);
			buildRules = (
			);
			dependencies = (
			);
			name = ubcArExplore;
			productName = helloar;
			productReference = F15BDCCF1C03FEE200666121 /* ubcArExplore.app */;
			productType = "com.apple.product-type.application";
		};
/* End PBXNativeTarget section */

/* Begin PBXProject section */
		F15BDCC71C03FEE200666121 /* Project object */ = {
			isa = PBXProject;
			attributes = {
				LastUpgradeCheck = 0830;
				ORGANIZATIONNAME = "Erics App House.";
				TargetAttributes = {
					F15BDCCE1C03FEE200666121 = {
						CreatedOnToolsVersion = 7.1;
						DevelopmentTeam = XUAD2J7TFS;
						LastSwiftMigration = 0830;
					};
				};
			};
			buildConfigurationList = F15BDCCA1C03FEE200666121 /* Build configuration list for PBXProject "ubcArExplore" */;
			compatibilityVersion = "Xcode 3.2";
			developmentRegion = English;
			hasScannedForEncodings = 0;
			knownRegions = (
				en,
				Base,
			);
			mainGroup = F15BDCC61C03FEE200666121;
			productRefGroup = F15BDCD01C03FEE200666121 /* Products */;
			projectDirPath = "";
			projectRoot = "";
			targets = (
				F15BDCCE1C03FEE200666121 /* ubcArExplore */,
			);
		};
/* End PBXProject section */

/* Begin PBXResourcesBuildPhase section */
		F15BDCCD1C03FEE200666121 /* Resources */ = {
			isa = PBXResourcesBuildPhase;
			buildActionMask = 2147483647;
			files = (
				BE169E431F4CA703004CEF99 /* clc_cwsc.png in Resources */,
				BE169E481F4CA703004CEF99 /* ubc_ar_app_explore.png in Resources */,
				BEFB38461F53B64F00EC32CE /* library_literacy_concept_map.jpg in Resources */,
				BE5652661F3E3F0B0083910D /* shi_shi_etko.jpg in Resources */,
				BE5652611F3E3F0B0083910D /* making_content_comprehensible.jpg in Resources */,
				BE5652581F3E3F0B0083910D /* ell_poster.jpg in Resources */,
				BE56526A1F3E3F0B0083910D /* wonder_book.jpg in Resources */,
				BE169E471F4CA703004CEF99 /* clc_help_info.png in Resources */,
				BE5652621F3E3F0B0083910D /* one_and_only_ivan.jpg in Resources */,
				BE5652651F3E3F0B0083910D /* seed_library.jpg in Resources */,
				BE5652691F3E3F0B0083910D /* whats_your_wonder_question_mark.jpg in Resources */,
				BE5D724D1F2009E10039DF77 /* principles_of_learning.jpg in Resources */,
				BE88E70C1F3CCFD000E44BC2 /* book_with_no_pictures.jpg in Resources */,
				BE56525A1F3E3F0B0083910D /* french_collection.jpg in Resources */,
				BE169E441F4CA703004CEF99 /* clc_desk_closed.png in Resources */,
				CD4250E01E8A4FEC000FE2EE /* targets.json in Resources */,
				BE56525B1F3E3F0B0083910D /* goodnight_construction_site.jpg in Resources */,
				BE169E451F4CA703004CEF99 /* clc_entrance_hours.png in Resources */,
				BE169E4F1F4CACF7004CEF99 /* clc_pay_for_print.jpg in Resources */,
				BE5652561F3E3F0B0083910D /* bienvenue_a_la_monstrerie.jpg in Resources */,
				F15BDCDF1C03FEE200666121 /* Assets.xcassets in Resources */,
				BE169E421F4CA703004CEF99 /* clc_back_in_5.png in Resources */,
				BE5652681F3E3F0B0083910D /* the_breadwinner.jpg in Resources */,
				BE5652571F3E3F0B0083910D /* ccbc.jpg in Resources */,
				BE56525F1F3E3F0B0083910D /* library_website.jpg in Resources */,
				BE88E70E1F3CDFAA00E44BC2 /* i_want_my_hat_back.jpg in Resources */,
				BE56525D1F3E3F0B0083910D /* indigenous_resources_pamphlet.jpg in Resources */,
				BE5652551F3E3F0B0083910D /* a_series_of_unfortunate_events.jpg in Resources */,
				BE5652591F3E3F0B0083910D /* fiction.jpg in Resources */,
				F1A7AA2C1C06CA330060ADF6 /* LaunchScreen.xib in Resources */,
				BE47D81F1F46023A004E872F /* watermark.png in Resources */,
				BE5652601F3E3F0B0083910D /* makerspace_poster.jpg in Resources */,
				BE56525C1F3E3F0B0083910D /* indigenous_bookmark.jpg in Resources */,
				BE5652641F3E3F0B0083910D /* puppet.jpg in Resources */,
				BE5652631F3E3F0B0083910D /* picture_books.jpg in Resources */,
				BE5652671F3E3F0B0083910D /* subject_area_bookmark.jpg in Resources */,
				BE169E461F4CA703004CEF99 /* clc_equipment_loan_list.png in Resources */,
			);
			runOnlyForDeploymentPostprocessing = 0;
		};
/* End PBXResourcesBuildPhase section */

/* Begin PBXShellScriptBuildPhase section */
		5EE83FFE60809DD3A276DD93 /* [CP] Embed Pods Frameworks */ = {
			isa = PBXShellScriptBuildPhase;
			buildActionMask = 2147483647;
			files = (
			);
			inputPaths = (
			);
			name = "[CP] Embed Pods Frameworks";
			outputPaths = (
			);
			runOnlyForDeploymentPostprocessing = 0;
			shellPath = /bin/sh;
			shellScript = "\"${SRCROOT}/Pods/Target Support Files/Pods-ubcArExplore/Pods-ubcArExplore-frameworks.sh\"\n";
			showEnvVarsInLog = 0;
		};
		698C4F8789C216CB521B8689 /* [CP] Copy Pods Resources */ = {
			isa = PBXShellScriptBuildPhase;
			buildActionMask = 2147483647;
			files = (
			);
			inputPaths = (
			);
			name = "[CP] Copy Pods Resources";
			outputPaths = (
			);
			runOnlyForDeploymentPostprocessing = 0;
			shellPath = /bin/sh;
			shellScript = "\"${SRCROOT}/Pods/Target Support Files/Pods-ubcArExplore/Pods-ubcArExplore-resources.sh\"\n";
			showEnvVarsInLog = 0;
		};
		B21CD9441509B3DC56A207F5 /* [CP] Check Pods Manifest.lock */ = {
			isa = PBXShellScriptBuildPhase;
			buildActionMask = 2147483647;
			files = (
			);
			inputPaths = (
			);
			name = "[CP] Check Pods Manifest.lock";
			outputPaths = (
			);
			runOnlyForDeploymentPostprocessing = 0;
			shellPath = /bin/sh;
			shellScript = "diff \"${PODS_PODFILE_DIR_PATH}/Podfile.lock\" \"${PODS_ROOT}/Manifest.lock\" > /dev/null\nif [ $? != 0 ] ; then\n    # print error to STDERR\n    echo \"error: The sandbox is not in sync with the Podfile.lock. Run 'pod install' or update your CocoaPods installation.\" >&2\n    exit 1\nfi\n";
			showEnvVarsInLog = 0;
		};
/* End PBXShellScriptBuildPhase section */

/* Begin PBXSourcesBuildPhase section */
		F15BDCCB1C03FEE200666121 /* Sources */ = {
			isa = PBXSourcesBuildPhase;
			buildActionMask = 2147483647;
			files = (
				BEE363091F564DFB00BBD3B1 /* MySafariViewController.swift in Sources */,
				F1D13BD11C0405F5008F72E2 /* ViewController.m in Sources */,
				F1D13BCC1C0405F5008F72E2 /* AppDelegate.m in Sources */,
				F1D13BCF1C0405F5008F72E2 /* OpenGLView.m in Sources */,
				BEFB38401F4E06F900EC32CE /* HowToUseViewController.swift in Sources */,
				F15BDCD41C03FEE200666121 /* main.m in Sources */,
				CDDEBE711E0BE1910041BE68 /* helloar.m in Sources */,
				BE1801871F15F8EE00666D71 /* SplashViewController.swift in Sources */,
				BE5D724B1F1B25330039DF77 /* ResourceViewController.swift in Sources */,
				CD36EB621E0AA53E00407D1F /* BoxRenderer.m in Sources */,
			);
			runOnlyForDeploymentPostprocessing = 0;
		};
/* End PBXSourcesBuildPhase section */

/* Begin PBXVariantGroup section */
		F1A7AA2A1C06CA330060ADF6 /* LaunchScreen.xib */ = {
			isa = PBXVariantGroup;
			children = (
				F1A7AA2B1C06CA330060ADF6 /* Base */,
			);
			name = LaunchScreen.xib;
			sourceTree = "<group>";
		};
/* End PBXVariantGroup section */

/* Begin XCBuildConfiguration section */
		F15BDCE41C03FEE200666121 /* Debug */ = {
			isa = XCBuildConfiguration;
			buildSettings = {
				ALWAYS_SEARCH_USER_PATHS = NO;
				CLANG_CXX_LANGUAGE_STANDARD = "gnu++0x";
				CLANG_CXX_LIBRARY = "libc++";
				CLANG_ENABLE_MODULES = YES;
				CLANG_ENABLE_OBJC_ARC = YES;
				CLANG_WARN_BOOL_CONVERSION = YES;
				CLANG_WARN_CONSTANT_CONVERSION = YES;
				CLANG_WARN_DIRECT_OBJC_ISA_USAGE = YES_ERROR;
				CLANG_WARN_EMPTY_BODY = YES;
				CLANG_WARN_ENUM_CONVERSION = YES;
				CLANG_WARN_INFINITE_RECURSION = YES;
				CLANG_WARN_INT_CONVERSION = YES;
				CLANG_WARN_OBJC_ROOT_CLASS = YES_ERROR;
				CLANG_WARN_SUSPICIOUS_MOVE = YES;
				CLANG_WARN_UNREACHABLE_CODE = YES;
				CLANG_WARN__DUPLICATE_METHOD_MATCH = YES;
				"CODE_SIGN_IDENTITY[sdk=iphoneos*]" = "iPhone Developer";
				COPY_PHASE_STRIP = NO;
				DEBUG_INFORMATION_FORMAT = dwarf;
				DEFINES_MODULE = YES;
				ENABLE_STRICT_OBJC_MSGSEND = YES;
				ENABLE_TESTABILITY = YES;
				GCC_C_LANGUAGE_STANDARD = gnu99;
				GCC_DYNAMIC_NO_PIC = NO;
				GCC_NO_COMMON_BLOCKS = YES;
				GCC_OPTIMIZATION_LEVEL = 0;
				GCC_PREPROCESSOR_DEFINITIONS = (
					"DEBUG=1",
					"$(inherited)",
				);
				GCC_WARN_64_TO_32_BIT_CONVERSION = YES;
				GCC_WARN_ABOUT_RETURN_TYPE = YES_ERROR;
				GCC_WARN_UNDECLARED_SELECTOR = YES;
				GCC_WARN_UNINITIALIZED_AUTOS = YES_AGGRESSIVE;
				GCC_WARN_UNUSED_FUNCTION = YES;
				GCC_WARN_UNUSED_VARIABLE = YES;
				IPHONEOS_DEPLOYMENT_TARGET = 9.3;
				MTL_ENABLE_DEBUG_INFO = YES;
				ONLY_ACTIVE_ARCH = YES;
				PRODUCT_MODULE_NAME = ubcArExplore;
				SDKROOT = iphoneos;
				SWIFT_OBJC_BRIDGING_HEADER = "ubcArExplore/ubcArExplore-Bridging-Header.h";
				SWIFT_VERSION = 3.0;
				TARGETED_DEVICE_FAMILY = "1,2";
			};
			name = Debug;
		};
		F15BDCE51C03FEE200666121 /* Release */ = {
			isa = XCBuildConfiguration;
			buildSettings = {
				ALWAYS_SEARCH_USER_PATHS = NO;
				CLANG_CXX_LANGUAGE_STANDARD = "gnu++0x";
				CLANG_CXX_LIBRARY = "libc++";
				CLANG_ENABLE_MODULES = YES;
				CLANG_ENABLE_OBJC_ARC = YES;
				CLANG_WARN_BOOL_CONVERSION = YES;
				CLANG_WARN_CONSTANT_CONVERSION = YES;
				CLANG_WARN_DIRECT_OBJC_ISA_USAGE = YES_ERROR;
				CLANG_WARN_EMPTY_BODY = YES;
				CLANG_WARN_ENUM_CONVERSION = YES;
				CLANG_WARN_INFINITE_RECURSION = YES;
				CLANG_WARN_INT_CONVERSION = YES;
				CLANG_WARN_OBJC_ROOT_CLASS = YES_ERROR;
				CLANG_WARN_SUSPICIOUS_MOVE = YES;
				CLANG_WARN_UNREACHABLE_CODE = YES;
				CLANG_WARN__DUPLICATE_METHOD_MATCH = YES;
				"CODE_SIGN_IDENTITY[sdk=iphoneos*]" = "iPhone Developer";
				COPY_PHASE_STRIP = NO;
				DEBUG_INFORMATION_FORMAT = "dwarf-with-dsym";
				DEFINES_MODULE = YES;
				ENABLE_NS_ASSERTIONS = NO;
				ENABLE_STRICT_OBJC_MSGSEND = YES;
				GCC_C_LANGUAGE_STANDARD = gnu99;
				GCC_NO_COMMON_BLOCKS = YES;
				GCC_WARN_64_TO_32_BIT_CONVERSION = YES;
				GCC_WARN_ABOUT_RETURN_TYPE = YES_ERROR;
				GCC_WARN_UNDECLARED_SELECTOR = YES;
				GCC_WARN_UNINITIALIZED_AUTOS = YES_AGGRESSIVE;
				GCC_WARN_UNUSED_FUNCTION = YES;
				GCC_WARN_UNUSED_VARIABLE = YES;
				IPHONEOS_DEPLOYMENT_TARGET = 9.3;
				MTL_ENABLE_DEBUG_INFO = NO;
				PRODUCT_MODULE_NAME = ubcArExplore;
				SDKROOT = iphoneos;
				SWIFT_OBJC_BRIDGING_HEADER = "ubcArExplore/ubcArExplore-Bridging-Header.h";
				SWIFT_OPTIMIZATION_LEVEL = "-Owholemodule";
				SWIFT_VERSION = 3.0;
				TARGETED_DEVICE_FAMILY = "1,2";
				VALIDATE_PRODUCT = YES;
			};
			name = Release;
		};
		F15BDCE71C03FEE200666121 /* Debug */ = {
			isa = XCBuildConfiguration;
			baseConfigurationReference = B361C118AC11FF1187C85680 /* Pods-ubcArExplore.debug.xcconfig */;
			buildSettings = {
				ASSETCATALOG_COMPILER_APPICON_NAME = AppIcon;
				CLANG_ENABLE_MODULES = YES;
				DEFINES_MODULE = YES;
				DEVELOPMENT_TEAM = XUAD2J7TFS;
				ENABLE_BITCODE = NO;
				FRAMEWORK_SEARCH_PATHS = (
					"$(inherited)",
					"$(PROJECT_DIR)",
				);
				INFOPLIST_FILE = ubcArExplore/Info.plist;
				IPHONEOS_DEPLOYMENT_TARGET = 10.3;
				LD_RUNPATH_SEARCH_PATHS = "$(inherited) @executable_path/Frameworks";
				PRODUCT_BUNDLE_IDENTIFIER = com.elee49.ubcArExplore;
				PRODUCT_NAME = "$(TARGET_NAME)";
				SWIFT_OBJC_BRIDGING_HEADER = "ubcArExplore/ubcArExplore-Bridging-Header.h";
				SWIFT_OBJC_INTERFACE_HEADER_NAME = "ubcArExplore-Swift.h";
				SWIFT_OPTIMIZATION_LEVEL = "-Onone";
				SWIFT_VERSION = 3.0;
			};
			name = Debug;
		};
		F15BDCE81C03FEE200666121 /* Release */ = {
			isa = XCBuildConfiguration;
			baseConfigurationReference = 4AD370517BA8F6277F3EA0ED /* Pods-ubcArExplore.release.xcconfig */;
			buildSettings = {
				ASSETCATALOG_COMPILER_APPICON_NAME = AppIcon;
				CLANG_ENABLE_MODULES = YES;
				DEFINES_MODULE = YES;
				DEVELOPMENT_TEAM = XUAD2J7TFS;
				ENABLE_BITCODE = NO;
				FRAMEWORK_SEARCH_PATHS = (
					"$(inherited)",
					"$(PROJECT_DIR)",
				);
				INFOPLIST_FILE = ubcArExplore/Info.plist;
				IPHONEOS_DEPLOYMENT_TARGET = 10.3;
				LD_RUNPATH_SEARCH_PATHS = "$(inherited) @executable_path/Frameworks";
				PRODUCT_BUNDLE_IDENTIFIER = com.elee49.ubcArExplore;
				PRODUCT_NAME = "$(TARGET_NAME)";
				SWIFT_OBJC_BRIDGING_HEADER = "ubcArExplore/ubcArExplore-Bridging-Header.h";
				SWIFT_OBJC_INTERFACE_HEADER_NAME = "ubcArExplore-Swift.h";
				SWIFT_VERSION = 3.0;
			};
			name = Release;
		};
/* End XCBuildConfiguration section */

/* Begin XCConfigurationList section */
		F15BDCCA1C03FEE200666121 /* Build configuration list for PBXProject "ubcArExplore" */ = {
			isa = XCConfigurationList;
			buildConfigurations = (
				F15BDCE41C03FEE200666121 /* Debug */,
				F15BDCE51C03FEE200666121 /* Release */,
			);
			defaultConfigurationIsVisible = 0;
			defaultConfigurationName = Release;
		};
		F15BDCE61C03FEE200666121 /* Build configuration list for PBXNativeTarget "ubcArExplore" */ = {
			isa = XCConfigurationList;
			buildConfigurations = (
				F15BDCE71C03FEE200666121 /* Debug */,
				F15BDCE81C03FEE200666121 /* Release */,
			);
			defaultConfigurationIsVisible = 0;
			defaultConfigurationName = Release;
		};
/* End XCConfigurationList section */
	};
	rootObject = F15BDCC71C03FEE200666121 /* Project object */;
}
